{
    "name": "vscode-ebnf",
    "version": "1.0.3",
    "lockfileVersion": 2,
    "requires": true,
    "packages": {
        "": {
            "name": "vscode-ebnf",
            "version": "1.0.3",
            "license": "MIT",
            "dependencies": {
                "@types/vscode": "^1.79.1",
                "antlr4ts": "^0.5.0-alpha.4"
            },
            "engines": {
                "vscode": "^1.0.0"
            }
        },
        "node_modules/@types/vscode": {
            "version": "1.79.1",
            "resolved": "https://registry.npmmirror.com/@types/vscode/-/vscode-1.79.1.tgz",
            "integrity": "sha512-Ikwc4YbHABzqthrWfeAvItaAIfX9mdjMWxqNgTpGjhgOu0TMRq9LzyZ2yBK0JhYqoSjEubEPawf6zJgnl6Egtw=="
        },
        "node_modules/antlr4ts": {
            "version": "0.5.0-alpha.4",
            "resolved": "https://registry.npmmirror.com/antlr4ts/-/antlr4ts-0.5.0-alpha.4.tgz",
            "integrity": "sha512-WPQDt1B74OfPv/IMS2ekXAKkTZIHl88uMetg6q3OTqgFxZ/dxDXI0EWLyZid/1Pe6hTftyg5N7gel5wNAGxXyQ=="
        }
    },
    "dependencies": {
        "@types/vscode": {
            "version": "1.79.1",
            "resolved": "https://registry.npmmirror.com/@types/vscode/-/vscode-1.79.1.tgz",
            "integrity": "sha512-Ikwc4YbHABzqthrWfeAvItaAIfX9mdjMWxqNgTpGjhgOu0TMRq9LzyZ2yBK0JhYqoSjEubEPawf6zJgnl6Egtw=="
        },
        "antlr4ts": {
            "version": "0.5.0-alpha.4",
            "resolved": "https://registry.npmmirror.com/antlr4ts/-/antlr4ts-0.5.0-alpha.4.tgz",
            "integrity": "sha512-WPQDt1B74OfPv/IMS2ekXAKkTZIHl88uMetg6q3OTqgFxZ/dxDXI0EWLyZid/1Pe6hTftyg5N7gel5wNAGxXyQ=="
        }
    }
}
